{
    "_readme": [
        "This file locks the dependencies of your project to a known state",
        "Read more about it at https://getcomposer.org/doc/01-basic-usage.md#installing-dependencies",
        "This file is @generated automatically"
    ],
    "content-hash": "57205341789864499a6c7e42616b6864",
    "packages": [],
    "packages-dev": [],
    "aliases": [],
    "minimum-stability": "stable",
    "stability-flags": {},
    "prefer-stable": false,
    "prefer-lowest": false,
    "platform": {
        "php": "~8.4.0",
        "ext-mbstring": "*",
        "ext-pdo_pgsql": "*"
    },
    "platform-dev": {},
    "plugin-api-version": "2.6.0"
}
